
Microsoft Visual Studio Solution File, Format Version 12.00
# Visual Studio Version 16
VisualStudioVersion = 16.0.29215.179
MinimumVisualStudioVersion = 10.0.40219.1
Project("{2150E333-8FDC-42A3-9474-1A3956D46DE8}") = "C++ Examples1", "C++ Examples1", "{FBF6BFEE-201A-4CB8-80DA-64320828F629}"
	ProjectSection(SolutionItems) = preProject
		READFIRST.txt = READFIRST.txt
	EndProjectSection
EndProject
Project("{2150E333-8FDC-42A3-9474-1A3956D46DE8}") = "1", "1", "{5A252C91-6BED-4780-9FD2-F46BAB434F19}"
EndProject
Project("{8BC9CEB8-8B4A-11D0-8D11-00A0C91BC942}") = "1-1", "1-1\1-1.vcxproj", "{309AB03B-0A92-44C7-A261-C9F7D759CA02}"
EndProject
Project("{8BC9CEB8-8B4A-11D0-8D11-00A0C91BC942}") = "1-2", "1-2\1-2.vcxproj", "{8F25F84C-3B76-4151-900B-1948B820071E}"
EndProject
Project("{8BC9CEB8-8B4A-11D0-8D11-00A0C91BC942}") = "1-3", "1-3\1-3.vcxproj", "{90FA1B44-C9B1-4880-B2A2-07750B2AA41C}"
EndProject
Project("{8BC9CEB8-8B4A-11D0-8D11-00A0C91BC942}") = "1-4", "1-4\1-4.vcxproj", "{DA0FE673-57FE-4451-A320-E5379612071C}"
EndProject
Project("{8BC9CEB8-8B4A-11D0-8D11-00A0C91BC942}") = "1-5", "1-5\1-5.vcxproj", "{2FFD11B7-4F1F-4457-B011-10343A2BF52D}"
EndProject
Project("{8BC9CEB8-8B4A-11D0-8D11-00A0C91BC942}") = "1-6", "1-6\1-6.vcxproj", "{61347837-90CD-4DD8-B594-36ADB7DAB5EB}"
EndProject
Project("{8BC9CEB8-8B4A-11D0-8D11-00A0C91BC942}") = "1-7", "1-7\1-7.vcxproj", "{618B8A0C-5909-4DD5-A7AD-C7E80A529346}"
EndProject
Project("{8BC9CEB8-8B4A-11D0-8D11-00A0C91BC942}") = "1-8", "1-8\1-8.vcxproj", "{27F62F39-2F7B-4B35-BF58-647A0DAF53C0}"
EndProject
Project("{8BC9CEB8-8B4A-11D0-8D11-00A0C91BC942}") = "1-9", "1-9\1-9.vcxproj", "{F110DAC6-579B-401A-830C-1101FB280B6B}"
EndProject
Project("{8BC9CEB8-8B4A-11D0-8D11-00A0C91BC942}") = "1-10", "1-10\1-10.vcxproj", "{D0ACBDC6-4608-49E7-A316-0131E8B59DB9}"
EndProject
Project("{2150E333-8FDC-42A3-9474-1A3956D46DE8}") = "Variable Operator Expression", "Variable Operator Expression", "{79BD5130-D573-4B56-BB87-7B1525AEB31F}"
EndProject
Global
	GlobalSection(SolutionConfigurationPlatforms) = preSolution
		Debug|x64 = Debug|x64
		Debug|x86 = Debug|x86
		Release|x64 = Release|x64
		Release|x86 = Release|x86
	EndGlobalSection
	GlobalSection(ProjectConfigurationPlatforms) = postSolution
		{309AB03B-0A92-44C7-A261-C9F7D759CA02}.Debug|x64.ActiveCfg = Debug|x64
		{309AB03B-0A92-44C7-A261-C9F7D759CA02}.Debug|x64.Build.0 = Debug|x64
		{309AB03B-0A92-44C7-A261-C9F7D759CA02}.Debug|x86.ActiveCfg = Debug|Win32
		{309AB03B-0A92-44C7-A261-C9F7D759CA02}.Debug|x86.Build.0 = Debug|Win32
		{309AB03B-0A92-44C7-A261-C9F7D759CA02}.Release|x64.ActiveCfg = Release|x64
		{309AB03B-0A92-44C7-A261-C9F7D759CA02}.Release|x64.Build.0 = Release|x64
		{309AB03B-0A92-44C7-A261-C9F7D759CA02}.Release|x86.ActiveCfg = Release|Win32
		{309AB03B-0A92-44C7-A261-C9F7D759CA02}.Release|x86.Build.0 = Release|Win32
		{8F25F84C-3B76-4151-900B-1948B820071E}.Debug|x64.ActiveCfg = Debug|x64
		{8F25F84C-3B76-4151-900B-1948B820071E}.Debug|x64.Build.0 = Debug|x64
		{8F25F84C-3B76-4151-900B-1948B820071E}.Debug|x86.ActiveCfg = Debug|Win32
		{8F25F84C-3B76-4151-900B-1948B820071E}.Debug|x86.Build.0 = Debug|Win32
		{8F25F84C-3B76-4151-900B-1948B820071E}.Release|x64.ActiveCfg = Release|x64
		{8F25F84C-3B76-4151-900B-1948B820071E}.Release|x64.Build.0 = Release|x64
		{8F25F84C-3B76-4151-900B-1948B820071E}.Release|x86.ActiveCfg = Release|Win32
		{8F25F84C-3B76-4151-900B-1948B820071E}.Release|x86.Build.0 = Release|Win32
		{90FA1B44-C9B1-4880-B2A2-07750B2AA41C}.Debug|x64.ActiveCfg = Debug|x64
		{90FA1B44-C9B1-4880-B2A2-07750B2AA41C}.Debug|x64.Build.0 = Debug|x64
		{90FA1B44-C9B1-4880-B2A2-07750B2AA41C}.Debug|x86.ActiveCfg = Debug|Win32
		{90FA1B44-C9B1-4880-B2A2-07750B2AA41C}.Debug|x86.Build.0 = Debug|Win32
		{90FA1B44-C9B1-4880-B2A2-07750B2AA41C}.Release|x64.ActiveCfg = Release|x64
		{90FA1B44-C9B1-4880-B2A2-07750B2AA41C}.Release|x64.Build.0 = Release|x64
		{90FA1B44-C9B1-4880-B2A2-07750B2AA41C}.Release|x86.ActiveCfg = Release|Win32
		{90FA1B44-C9B1-4880-B2A2-07750B2AA41C}.Release|x86.Build.0 = Release|Win32
		{DA0FE673-57FE-4451-A320-E5379612071C}.Debug|x64.ActiveCfg = Debug|x64
		{DA0FE673-57FE-4451-A320-E5379612071C}.Debug|x64.Build.0 = Debug|x64
		{DA0FE673-57FE-4451-A320-E5379612071C}.Debug|x86.ActiveCfg = Debug|Win32
		{DA0FE673-57FE-4451-A320-E5379612071C}.Debug|x86.Build.0 = Debug|Win32
		{DA0FE673-57FE-4451-A320-E5379612071C}.Release|x64.ActiveCfg = Release|x64
		{DA0FE673-57FE-4451-A320-E5379612071C}.Release|x64.Build.0 = Release|x64
		{DA0FE673-57FE-4451-A320-E5379612071C}.Release|x86.ActiveCfg = Release|Win32
		{DA0FE673-57FE-4451-A320-E5379612071C}.Release|x86.Build.0 = Release|Win32
		{2FFD11B7-4F1F-4457-B011-10343A2BF52D}.Debug|x64.ActiveCfg = Debug|x64
		{2FFD11B7-4F1F-4457-B011-10343A2BF52D}.Debug|x64.Build.0 = Debug|x64
		{2FFD11B7-4F1F-4457-B011-10343A2BF52D}.Debug|x86.ActiveCfg = Debug|Win32
		{2FFD11B7-4F1F-4457-B011-10343A2BF52D}.Debug|x86.Build.0 = Debug|Win32
		{2FFD11B7-4F1F-4457-B011-10343A2BF52D}.Release|x64.ActiveCfg = Release|x64
		{2FFD11B7-4F1F-4457-B011-10343A2BF52D}.Release|x64.Build.0 = Release|x64
		{2FFD11B7-4F1F-4457-B011-10343A2BF52D}.Release|x86.ActiveCfg = Release|Win32
		{2FFD11B7-4F1F-4457-B011-10343A2BF52D}.Release|x86.Build.0 = Release|Win32
		{61347837-90CD-4DD8-B594-36ADB7DAB5EB}.Debug|x64.ActiveCfg = Debug|x64
		{61347837-90CD-4DD8-B594-36ADB7DAB5EB}.Debug|x64.Build.0 = Debug|x64
		{61347837-90CD-4DD8-B594-36ADB7DAB5EB}.Debug|x86.ActiveCfg = Debug|Win32
		{61347837-90CD-4DD8-B594-36ADB7DAB5EB}.Debug|x86.Build.0 = Debug|Win32
		{61347837-90CD-4DD8-B594-36ADB7DAB5EB}.Release|x64.ActiveCfg = Release|x64
		{61347837-90CD-4DD8-B594-36ADB7DAB5EB}.Release|x64.Build.0 = Release|x64
		{61347837-90CD-4DD8-B594-36ADB7DAB5EB}.Release|x86.ActiveCfg = Release|Win32
		{61347837-90CD-4DD8-B594-36ADB7DAB5EB}.Release|x86.Build.0 = Release|Win32
		{618B8A0C-5909-4DD5-A7AD-C7E80A529346}.Debug|x64.ActiveCfg = Debug|x64
		{618B8A0C-5909-4DD5-A7AD-C7E80A529346}.Debug|x64.Build.0 = Debug|x64
		{618B8A0C-5909-4DD5-A7AD-C7E80A529346}.Debug|x86.ActiveCfg = Debug|Win32
		{618B8A0C-5909-4DD5-A7AD-C7E80A529346}.Debug|x86.Build.0 = Debug|Win32
		{618B8A0C-5909-4DD5-A7AD-C7E80A529346}.Release|x64.ActiveCfg = Release|x64
		{618B8A0C-5909-4DD5-A7AD-C7E80A529346}.Release|x64.Build.0 = Release|x64
		{618B8A0C-5909-4DD5-A7AD-C7E80A529346}.Release|x86.ActiveCfg = Release|Win32
		{618B8A0C-5909-4DD5-A7AD-C7E80A529346}.Release|x86.Build.0 = Release|Win32
		{27F62F39-2F7B-4B35-BF58-647A0DAF53C0}.Debug|x64.ActiveCfg = Debug|x64
		{27F62F39-2F7B-4B35-BF58-647A0DAF53C0}.Debug|x64.Build.0 = Debug|x64
		{27F62F39-2F7B-4B35-BF58-647A0DAF53C0}.Debug|x86.ActiveCfg = Debug|Win32
		{27F62F39-2F7B-4B35-BF58-647A0DAF53C0}.Debug|x86.Build.0 = Debug|Win32
		{27F62F39-2F7B-4B35-BF58-647A0DAF53C0}.Release|x64.ActiveCfg = Release|x64
		{27F62F39-2F7B-4B35-BF58-647A0DAF53C0}.Release|x64.Build.0 = Release|x64
		{27F62F39-2F7B-4B35-BF58-647A0DAF53C0}.Release|x86.ActiveCfg = Release|Win32
		{27F62F39-2F7B-4B35-BF58-647A0DAF53C0}.Release|x86.Build.0 = Release|Win32
		{F110DAC6-579B-401A-830C-1101FB280B6B}.Debug|x64.ActiveCfg = Debug|x64
		{F110DAC6-579B-401A-830C-1101FB280B6B}.Debug|x64.Build.0 = Debug|x64
		{F110DAC6-579B-401A-830C-1101FB280B6B}.Debug|x86.ActiveCfg = Debug|Win32
		{F110DAC6-579B-401A-830C-1101FB280B6B}.Debug|x86.Build.0 = Debug|Win32
		{F110DAC6-579B-401A-830C-1101FB280B6B}.Release|x64.ActiveCfg = Release|x64
		{F110DAC6-579B-401A-830C-1101FB280B6B}.Release|x64.Build.0 = Release|x64
		{F110DAC6-579B-401A-830C-1101FB280B6B}.Release|x86.ActiveCfg = Release|Win32
		{F110DAC6-579B-401A-830C-1101FB280B6B}.Release|x86.Build.0 = Release|Win32
		{D0ACBDC6-4608-49E7-A316-0131E8B59DB9}.Debug|x64.ActiveCfg = Debug|x64
		{D0ACBDC6-4608-49E7-A316-0131E8B59DB9}.Debug|x64.Build.0 = Debug|x64
		{D0ACBDC6-4608-49E7-A316-0131E8B59DB9}.Debug|x86.ActiveCfg = Debug|Win32
		{D0ACBDC6-4608-49E7-A316-0131E8B59DB9}.Debug|x86.Build.0 = Debug|Win32
		{D0ACBDC6-4608-49E7-A316-0131E8B59DB9}.Release|x64.ActiveCfg = Release|x64
		{D0ACBDC6-4608-49E7-A316-0131E8B59DB9}.Release|x64.Build.0 = Release|x64
		{D0ACBDC6-4608-49E7-A316-0131E8B59DB9}.Release|x86.ActiveCfg = Release|Win32
		{D0ACBDC6-4608-49E7-A316-0131E8B59DB9}.Release|x86.Build.0 = Release|Win32
	EndGlobalSection
	GlobalSection(SolutionProperties) = preSolution
		HideSolutionNode = FALSE
	EndGlobalSection
	GlobalSection(NestedProjects) = preSolution
		{5A252C91-6BED-4780-9FD2-F46BAB434F19} = {79BD5130-D573-4B56-BB87-7B1525AEB31F}
		{309AB03B-0A92-44C7-A261-C9F7D759CA02} = {5A252C91-6BED-4780-9FD2-F46BAB434F19}
		{8F25F84C-3B76-4151-900B-1948B820071E} = {5A252C91-6BED-4780-9FD2-F46BAB434F19}
		{90FA1B44-C9B1-4880-B2A2-07750B2AA41C} = {5A252C91-6BED-4780-9FD2-F46BAB434F19}
		{DA0FE673-57FE-4451-A320-E5379612071C} = {5A252C91-6BED-4780-9FD2-F46BAB434F19}
		{2FFD11B7-4F1F-4457-B011-10343A2BF52D} = {5A252C91-6BED-4780-9FD2-F46BAB434F19}
		{61347837-90CD-4DD8-B594-36ADB7DAB5EB} = {5A252C91-6BED-4780-9FD2-F46BAB434F19}
		{618B8A0C-5909-4DD5-A7AD-C7E80A529346} = {5A252C91-6BED-4780-9FD2-F46BAB434F19}
		{27F62F39-2F7B-4B35-BF58-647A0DAF53C0} = {5A252C91-6BED-4780-9FD2-F46BAB434F19}
		{F110DAC6-579B-401A-830C-1101FB280B6B} = {5A252C91-6BED-4780-9FD2-F46BAB434F19}
		{D0ACBDC6-4608-49E7-A316-0131E8B59DB9} = {5A252C91-6BED-4780-9FD2-F46BAB434F19}
		{79BD5130-D573-4B56-BB87-7B1525AEB31F} = {FBF6BFEE-201A-4CB8-80DA-64320828F629}
	EndGlobalSection
	GlobalSection(ExtensibilityGlobals) = postSolution
		SolutionGuid = {29C90FCB-2789-4798-94B0-5B9D63FE9939}
	EndGlobalSection
EndGlobal
