
Microsoft Visual Studio Solution File, Format Version 12.00
# Visual Studio Version 16
VisualStudioVersion = 16.0.30002.166
MinimumVisualStudioVersion = 10.0.40219.1
Project("{8BC9CEB8-8B4A-11D0-8D11-00A0C91BC942}") = "1-1", "1-1\1-1.vcxproj", "{309AB03B-0A92-44C7-A261-C9F7D759CA02}"
EndProject
Project("{8BC9CEB8-8B4A-11D0-8D11-00A0C91BC942}") = "1-2", "1-2\1-2.vcxproj", "{8F25F84C-3B76-4151-900B-1948B820071E}"
EndProject
Project("{8BC9CEB8-8B4A-11D0-8D11-00A0C91BC942}") = "1-3", "1-3\1-3.vcxproj", "{90FA1B44-C9B1-4880-B2A2-07750B2AA41C}"
EndProject
Project("{8BC9CEB8-8B4A-11D0-8D11-00A0C91BC942}") = "1-4", "1-4\1-4.vcxproj", "{DA0FE673-57FE-4451-A320-E5379612071C}"
EndProject
Project("{8BC9CEB8-8B4A-11D0-8D11-00A0C91BC942}") = "1-5", "1-5\1-5.vcxproj", "{2FFD11B7-4F1F-4457-B011-10343A2BF52D}"
EndProject
Project("{2150E333-8FDC-42A3-9474-1A3956D46DE8}") = "Set 1", "Set 1", "{F62270CF-A492-428B-B56A-A902C8FE500A}"
EndProject
Project("{8BC9CEB8-8B4A-11D0-8D11-00A0C91BC942}") = "1-6", "1-6\1-6.vcxproj", "{61347837-90CD-4DD8-B594-36ADB7DAB5EB}"
EndProject
Project("{8BC9CEB8-8B4A-11D0-8D11-00A0C91BC942}") = "1-7", "1-7\1-7.vcxproj", "{618B8A0C-5909-4DD5-A7AD-C7E80A529346}"
EndProject
Project("{8BC9CEB8-8B4A-11D0-8D11-00A0C91BC942}") = "1-8", "1-8\1-8.vcxproj", "{27F62F39-2F7B-4B35-BF58-647A0DAF53C0}"
EndProject
Project("{8BC9CEB8-8B4A-11D0-8D11-00A0C91BC942}") = "1-10", "1-10\1-10.vcxproj", "{D0ACBDC6-4608-49E7-A316-0131E8B59DB9}"
EndProject
Project("{8BC9CEB8-8B4A-11D0-8D11-00A0C91BC942}") = "1-9", "1-9\1-9.vcxproj", "{F110DAC6-579B-401A-830C-1101FB280B6B}"
EndProject
Project("{2150E333-8FDC-42A3-9474-1A3956D46DE8}") = "Set 2", "Set 2", "{24860467-E7FF-4859-B702-81B18565423B}"
EndProject
Project("{8BC9CEB8-8B4A-11D0-8D11-00A0C91BC942}") = "2-1", "2-1\2-1.vcxproj", "{AA9B7CE6-2B55-4C96-87E9-258DD394B8FA}"
EndProject
Project("{8BC9CEB8-8B4A-11D0-8D11-00A0C91BC942}") = "2-2", "2-2\2-2.vcxproj", "{8F666ADF-6112-4D2E-9640-B468D13C8FDC}"
EndProject
Project("{8BC9CEB8-8B4A-11D0-8D11-00A0C91BC942}") = "2-3", "2-3\2-3.vcxproj", "{56A2F97E-BCD6-4346-ADFB-9690E805AB0A}"
EndProject
Project("{8BC9CEB8-8B4A-11D0-8D11-00A0C91BC942}") = "2-4", "2-4\2-4.vcxproj", "{930CE38D-D0E4-452F-9AAC-DAE09E7F782B}"
EndProject
Project("{8BC9CEB8-8B4A-11D0-8D11-00A0C91BC942}") = "2-5", "2-5\2-5.vcxproj", "{B5B7562E-EF01-4CFF-9544-F8993117C03B}"
EndProject
Project("{2150E333-8FDC-42A3-9474-1A3956D46DE8}") = "Set 3", "Set 3", "{37CB1062-4AAB-4F39-BD75-9E3DD8222AA0}"
EndProject
Project("{8BC9CEB8-8B4A-11D0-8D11-00A0C91BC942}") = "3-1", "3-1\3-1.vcxproj", "{E2E80F4A-00E5-442E-8C65-8F2A3A63D99F}"
EndProject
Global
	GlobalSection(SolutionConfigurationPlatforms) = preSolution
		Debug|x64 = Debug|x64
		Debug|x86 = Debug|x86
		Release|x64 = Release|x64
		Release|x86 = Release|x86
	EndGlobalSection
	GlobalSection(ProjectConfigurationPlatforms) = postSolution
		{309AB03B-0A92-44C7-A261-C9F7D759CA02}.Debug|x64.ActiveCfg = Debug|x64
		{309AB03B-0A92-44C7-A261-C9F7D759CA02}.Debug|x64.Build.0 = Debug|x64
		{309AB03B-0A92-44C7-A261-C9F7D759CA02}.Debug|x86.ActiveCfg = Debug|Win32
		{309AB03B-0A92-44C7-A261-C9F7D759CA02}.Debug|x86.Build.0 = Debug|Win32
		{309AB03B-0A92-44C7-A261-C9F7D759CA02}.Release|x64.ActiveCfg = Release|x64
		{309AB03B-0A92-44C7-A261-C9F7D759CA02}.Release|x64.Build.0 = Release|x64
		{309AB03B-0A92-44C7-A261-C9F7D759CA02}.Release|x86.ActiveCfg = Release|Win32
		{309AB03B-0A92-44C7-A261-C9F7D759CA02}.Release|x86.Build.0 = Release|Win32
		{8F25F84C-3B76-4151-900B-1948B820071E}.Debug|x64.ActiveCfg = Debug|x64
		{8F25F84C-3B76-4151-900B-1948B820071E}.Debug|x64.Build.0 = Debug|x64
		{8F25F84C-3B76-4151-900B-1948B820071E}.Debug|x86.ActiveCfg = Debug|Win32
		{8F25F84C-3B76-4151-900B-1948B820071E}.Debug|x86.Build.0 = Debug|Win32
		{8F25F84C-3B76-4151-900B-1948B820071E}.Release|x64.ActiveCfg = Release|x64
		{8F25F84C-3B76-4151-900B-1948B820071E}.Release|x64.Build.0 = Release|x64
		{8F25F84C-3B76-4151-900B-1948B820071E}.Release|x86.ActiveCfg = Release|Win32
		{8F25F84C-3B76-4151-900B-1948B820071E}.Release|x86.Build.0 = Release|Win32
		{90FA1B44-C9B1-4880-B2A2-07750B2AA41C}.Debug|x64.ActiveCfg = Debug|x64
		{90FA1B44-C9B1-4880-B2A2-07750B2AA41C}.Debug|x64.Build.0 = Debug|x64
		{90FA1B44-C9B1-4880-B2A2-07750B2AA41C}.Debug|x86.ActiveCfg = Debug|Win32
		{90FA1B44-C9B1-4880-B2A2-07750B2AA41C}.Debug|x86.Build.0 = Debug|Win32
		{90FA1B44-C9B1-4880-B2A2-07750B2AA41C}.Release|x64.ActiveCfg = Release|x64
		{90FA1B44-C9B1-4880-B2A2-07750B2AA41C}.Release|x64.Build.0 = Release|x64
		{90FA1B44-C9B1-4880-B2A2-07750B2AA41C}.Release|x86.ActiveCfg = Release|Win32
		{90FA1B44-C9B1-4880-B2A2-07750B2AA41C}.Release|x86.Build.0 = Release|Win32
		{DA0FE673-57FE-4451-A320-E5379612071C}.Debug|x64.ActiveCfg = Debug|x64
		{DA0FE673-57FE-4451-A320-E5379612071C}.Debug|x64.Build.0 = Debug|x64
		{DA0FE673-57FE-4451-A320-E5379612071C}.Debug|x86.ActiveCfg = Debug|Win32
		{DA0FE673-57FE-4451-A320-E5379612071C}.Debug|x86.Build.0 = Debug|Win32
		{DA0FE673-57FE-4451-A320-E5379612071C}.Release|x64.ActiveCfg = Release|x64
		{DA0FE673-57FE-4451-A320-E5379612071C}.Release|x64.Build.0 = Release|x64
		{DA0FE673-57FE-4451-A320-E5379612071C}.Release|x86.ActiveCfg = Release|Win32
		{DA0FE673-57FE-4451-A320-E5379612071C}.Release|x86.Build.0 = Release|Win32
		{2FFD11B7-4F1F-4457-B011-10343A2BF52D}.Debug|x64.ActiveCfg = Debug|x64
		{2FFD11B7-4F1F-4457-B011-10343A2BF52D}.Debug|x64.Build.0 = Debug|x64
		{2FFD11B7-4F1F-4457-B011-10343A2BF52D}.Debug|x86.ActiveCfg = Debug|Win32
		{2FFD11B7-4F1F-4457-B011-10343A2BF52D}.Debug|x86.Build.0 = Debug|Win32
		{2FFD11B7-4F1F-4457-B011-10343A2BF52D}.Release|x64.ActiveCfg = Release|x64
		{2FFD11B7-4F1F-4457-B011-10343A2BF52D}.Release|x64.Build.0 = Release|x64
		{2FFD11B7-4F1F-4457-B011-10343A2BF52D}.Release|x86.ActiveCfg = Release|Win32
		{2FFD11B7-4F1F-4457-B011-10343A2BF52D}.Release|x86.Build.0 = Release|Win32
		{61347837-90CD-4DD8-B594-36ADB7DAB5EB}.Debug|x64.ActiveCfg = Debug|x64
		{61347837-90CD-4DD8-B594-36ADB7DAB5EB}.Debug|x64.Build.0 = Debug|x64
		{61347837-90CD-4DD8-B594-36ADB7DAB5EB}.Debug|x86.ActiveCfg = Debug|Win32
		{61347837-90CD-4DD8-B594-36ADB7DAB5EB}.Debug|x86.Build.0 = Debug|Win32
		{61347837-90CD-4DD8-B594-36ADB7DAB5EB}.Release|x64.ActiveCfg = Release|x64
		{61347837-90CD-4DD8-B594-36ADB7DAB5EB}.Release|x64.Build.0 = Release|x64
		{61347837-90CD-4DD8-B594-36ADB7DAB5EB}.Release|x86.ActiveCfg = Release|Win32
		{61347837-90CD-4DD8-B594-36ADB7DAB5EB}.Release|x86.Build.0 = Release|Win32
		{618B8A0C-5909-4DD5-A7AD-C7E80A529346}.Debug|x64.ActiveCfg = Debug|x64
		{618B8A0C-5909-4DD5-A7AD-C7E80A529346}.Debug|x64.Build.0 = Debug|x64
		{618B8A0C-5909-4DD5-A7AD-C7E80A529346}.Debug|x86.ActiveCfg = Debug|Win32
		{618B8A0C-5909-4DD5-A7AD-C7E80A529346}.Debug|x86.Build.0 = Debug|Win32
		{618B8A0C-5909-4DD5-A7AD-C7E80A529346}.Release|x64.ActiveCfg = Release|x64
		{618B8A0C-5909-4DD5-A7AD-C7E80A529346}.Release|x64.Build.0 = Release|x64
		{618B8A0C-5909-4DD5-A7AD-C7E80A529346}.Release|x86.ActiveCfg = Release|Win32
		{618B8A0C-5909-4DD5-A7AD-C7E80A529346}.Release|x86.Build.0 = Release|Win32
		{27F62F39-2F7B-4B35-BF58-647A0DAF53C0}.Debug|x64.ActiveCfg = Debug|x64
		{27F62F39-2F7B-4B35-BF58-647A0DAF53C0}.Debug|x64.Build.0 = Debug|x64
		{27F62F39-2F7B-4B35-BF58-647A0DAF53C0}.Debug|x86.ActiveCfg = Debug|Win32
		{27F62F39-2F7B-4B35-BF58-647A0DAF53C0}.Debug|x86.Build.0 = Debug|Win32
		{27F62F39-2F7B-4B35-BF58-647A0DAF53C0}.Release|x64.ActiveCfg = Release|x64
		{27F62F39-2F7B-4B35-BF58-647A0DAF53C0}.Release|x64.Build.0 = Release|x64
		{27F62F39-2F7B-4B35-BF58-647A0DAF53C0}.Release|x86.ActiveCfg = Release|Win32
		{27F62F39-2F7B-4B35-BF58-647A0DAF53C0}.Release|x86.Build.0 = Release|Win32
		{D0ACBDC6-4608-49E7-A316-0131E8B59DB9}.Debug|x64.ActiveCfg = Debug|x64
		{D0ACBDC6-4608-49E7-A316-0131E8B59DB9}.Debug|x64.Build.0 = Debug|x64
		{D0ACBDC6-4608-49E7-A316-0131E8B59DB9}.Debug|x86.ActiveCfg = Debug|Win32
		{D0ACBDC6-4608-49E7-A316-0131E8B59DB9}.Debug|x86.Build.0 = Debug|Win32
		{D0ACBDC6-4608-49E7-A316-0131E8B59DB9}.Release|x64.ActiveCfg = Release|x64
		{D0ACBDC6-4608-49E7-A316-0131E8B59DB9}.Release|x64.Build.0 = Release|x64
		{D0ACBDC6-4608-49E7-A316-0131E8B59DB9}.Release|x86.ActiveCfg = Release|Win32
		{D0ACBDC6-4608-49E7-A316-0131E8B59DB9}.Release|x86.Build.0 = Release|Win32
		{F110DAC6-579B-401A-830C-1101FB280B6B}.Debug|x64.ActiveCfg = Debug|x64
		{F110DAC6-579B-401A-830C-1101FB280B6B}.Debug|x64.Build.0 = Debug|x64
		{F110DAC6-579B-401A-830C-1101FB280B6B}.Debug|x86.ActiveCfg = Debug|Win32
		{F110DAC6-579B-401A-830C-1101FB280B6B}.Debug|x86.Build.0 = Debug|Win32
		{F110DAC6-579B-401A-830C-1101FB280B6B}.Release|x64.ActiveCfg = Release|x64
		{F110DAC6-579B-401A-830C-1101FB280B6B}.Release|x64.Build.0 = Release|x64
		{F110DAC6-579B-401A-830C-1101FB280B6B}.Release|x86.ActiveCfg = Release|Win32
		{F110DAC6-579B-401A-830C-1101FB280B6B}.Release|x86.Build.0 = Release|Win32
		{AA9B7CE6-2B55-4C96-87E9-258DD394B8FA}.Debug|x64.ActiveCfg = Debug|x64
		{AA9B7CE6-2B55-4C96-87E9-258DD394B8FA}.Debug|x64.Build.0 = Debug|x64
		{AA9B7CE6-2B55-4C96-87E9-258DD394B8FA}.Debug|x86.ActiveCfg = Debug|Win32
		{AA9B7CE6-2B55-4C96-87E9-258DD394B8FA}.Debug|x86.Build.0 = Debug|Win32
		{AA9B7CE6-2B55-4C96-87E9-258DD394B8FA}.Release|x64.ActiveCfg = Release|x64
		{AA9B7CE6-2B55-4C96-87E9-258DD394B8FA}.Release|x64.Build.0 = Release|x64
		{AA9B7CE6-2B55-4C96-87E9-258DD394B8FA}.Release|x86.ActiveCfg = Release|Win32
		{AA9B7CE6-2B55-4C96-87E9-258DD394B8FA}.Release|x86.Build.0 = Release|Win32
		{8F666ADF-6112-4D2E-9640-B468D13C8FDC}.Debug|x64.ActiveCfg = Debug|x64
		{8F666ADF-6112-4D2E-9640-B468D13C8FDC}.Debug|x64.Build.0 = Debug|x64
		{8F666ADF-6112-4D2E-9640-B468D13C8FDC}.Debug|x86.ActiveCfg = Debug|Win32
		{8F666ADF-6112-4D2E-9640-B468D13C8FDC}.Debug|x86.Build.0 = Debug|Win32
		{8F666ADF-6112-4D2E-9640-B468D13C8FDC}.Release|x64.ActiveCfg = Release|x64
		{8F666ADF-6112-4D2E-9640-B468D13C8FDC}.Release|x64.Build.0 = Release|x64
		{8F666ADF-6112-4D2E-9640-B468D13C8FDC}.Release|x86.ActiveCfg = Release|Win32
		{8F666ADF-6112-4D2E-9640-B468D13C8FDC}.Release|x86.Build.0 = Release|Win32
		{56A2F97E-BCD6-4346-ADFB-9690E805AB0A}.Debug|x64.ActiveCfg = Debug|x64
		{56A2F97E-BCD6-4346-ADFB-9690E805AB0A}.Debug|x64.Build.0 = Debug|x64
		{56A2F97E-BCD6-4346-ADFB-9690E805AB0A}.Debug|x86.ActiveCfg = Debug|Win32
		{56A2F97E-BCD6-4346-ADFB-9690E805AB0A}.Debug|x86.Build.0 = Debug|Win32
		{56A2F97E-BCD6-4346-ADFB-9690E805AB0A}.Release|x64.ActiveCfg = Release|x64
		{56A2F97E-BCD6-4346-ADFB-9690E805AB0A}.Release|x64.Build.0 = Release|x64
		{56A2F97E-BCD6-4346-ADFB-9690E805AB0A}.Release|x86.ActiveCfg = Release|Win32
		{56A2F97E-BCD6-4346-ADFB-9690E805AB0A}.Release|x86.Build.0 = Release|Win32
		{930CE38D-D0E4-452F-9AAC-DAE09E7F782B}.Debug|x64.ActiveCfg = Debug|x64
		{930CE38D-D0E4-452F-9AAC-DAE09E7F782B}.Debug|x64.Build.0 = Debug|x64
		{930CE38D-D0E4-452F-9AAC-DAE09E7F782B}.Debug|x86.ActiveCfg = Debug|Win32
		{930CE38D-D0E4-452F-9AAC-DAE09E7F782B}.Debug|x86.Build.0 = Debug|Win32
		{930CE38D-D0E4-452F-9AAC-DAE09E7F782B}.Release|x64.ActiveCfg = Release|x64
		{930CE38D-D0E4-452F-9AAC-DAE09E7F782B}.Release|x64.Build.0 = Release|x64
		{930CE38D-D0E4-452F-9AAC-DAE09E7F782B}.Release|x86.ActiveCfg = Release|Win32
		{930CE38D-D0E4-452F-9AAC-DAE09E7F782B}.Release|x86.Build.0 = Release|Win32
		{B5B7562E-EF01-4CFF-9544-F8993117C03B}.Debug|x64.ActiveCfg = Debug|x64
		{B5B7562E-EF01-4CFF-9544-F8993117C03B}.Debug|x64.Build.0 = Debug|x64
		{B5B7562E-EF01-4CFF-9544-F8993117C03B}.Debug|x86.ActiveCfg = Debug|Win32
		{B5B7562E-EF01-4CFF-9544-F8993117C03B}.Debug|x86.Build.0 = Debug|Win32
		{B5B7562E-EF01-4CFF-9544-F8993117C03B}.Release|x64.ActiveCfg = Release|x64
		{B5B7562E-EF01-4CFF-9544-F8993117C03B}.Release|x64.Build.0 = Release|x64
		{B5B7562E-EF01-4CFF-9544-F8993117C03B}.Release|x86.ActiveCfg = Release|Win32
		{B5B7562E-EF01-4CFF-9544-F8993117C03B}.Release|x86.Build.0 = Release|Win32
		{E2E80F4A-00E5-442E-8C65-8F2A3A63D99F}.Debug|x64.ActiveCfg = Debug|x64
		{E2E80F4A-00E5-442E-8C65-8F2A3A63D99F}.Debug|x64.Build.0 = Debug|x64
		{E2E80F4A-00E5-442E-8C65-8F2A3A63D99F}.Debug|x86.ActiveCfg = Debug|Win32
		{E2E80F4A-00E5-442E-8C65-8F2A3A63D99F}.Debug|x86.Build.0 = Debug|Win32
		{E2E80F4A-00E5-442E-8C65-8F2A3A63D99F}.Release|x64.ActiveCfg = Release|x64
		{E2E80F4A-00E5-442E-8C65-8F2A3A63D99F}.Release|x64.Build.0 = Release|x64
		{E2E80F4A-00E5-442E-8C65-8F2A3A63D99F}.Release|x86.ActiveCfg = Release|Win32
		{E2E80F4A-00E5-442E-8C65-8F2A3A63D99F}.Release|x86.Build.0 = Release|Win32
	EndGlobalSection
	GlobalSection(SolutionProperties) = preSolution
		HideSolutionNode = FALSE
	EndGlobalSection
	GlobalSection(NestedProjects) = preSolution
		{309AB03B-0A92-44C7-A261-C9F7D759CA02} = {F62270CF-A492-428B-B56A-A902C8FE500A}
		{8F25F84C-3B76-4151-900B-1948B820071E} = {F62270CF-A492-428B-B56A-A902C8FE500A}
		{90FA1B44-C9B1-4880-B2A2-07750B2AA41C} = {F62270CF-A492-428B-B56A-A902C8FE500A}
		{DA0FE673-57FE-4451-A320-E5379612071C} = {F62270CF-A492-428B-B56A-A902C8FE500A}
		{2FFD11B7-4F1F-4457-B011-10343A2BF52D} = {F62270CF-A492-428B-B56A-A902C8FE500A}
		{61347837-90CD-4DD8-B594-36ADB7DAB5EB} = {F62270CF-A492-428B-B56A-A902C8FE500A}
		{618B8A0C-5909-4DD5-A7AD-C7E80A529346} = {F62270CF-A492-428B-B56A-A902C8FE500A}
		{27F62F39-2F7B-4B35-BF58-647A0DAF53C0} = {F62270CF-A492-428B-B56A-A902C8FE500A}
		{D0ACBDC6-4608-49E7-A316-0131E8B59DB9} = {F62270CF-A492-428B-B56A-A902C8FE500A}
		{F110DAC6-579B-401A-830C-1101FB280B6B} = {F62270CF-A492-428B-B56A-A902C8FE500A}
		{AA9B7CE6-2B55-4C96-87E9-258DD394B8FA} = {24860467-E7FF-4859-B702-81B18565423B}
		{8F666ADF-6112-4D2E-9640-B468D13C8FDC} = {24860467-E7FF-4859-B702-81B18565423B}
		{56A2F97E-BCD6-4346-ADFB-9690E805AB0A} = {24860467-E7FF-4859-B702-81B18565423B}
		{930CE38D-D0E4-452F-9AAC-DAE09E7F782B} = {24860467-E7FF-4859-B702-81B18565423B}
		{B5B7562E-EF01-4CFF-9544-F8993117C03B} = {24860467-E7FF-4859-B702-81B18565423B}
		{E2E80F4A-00E5-442E-8C65-8F2A3A63D99F} = {37CB1062-4AAB-4F39-BD75-9E3DD8222AA0}
	EndGlobalSection
	GlobalSection(ExtensibilityGlobals) = postSolution
		SolutionGuid = {5D5B0DE9-2989-4535-9171-3F93C83E22A0}
	EndGlobalSection
EndGlobal
